{
  "name": "cliente-impresion",
  "version": "1.0.0",
  "lockfileVersion": 1,
  "requires": true,
  "dependencies": {
    "dank-do-while": {
      "version": "0.1.2",
      "resolved": "https://registry.npmjs.org/dank-do-while/-/dank-do-while-0.1.2.tgz",
      "integrity": "sha512-pyMrgXfugjvdernLCcXNixYqGijUZzYxrb+hAeED2EBpNbctCCxdA/O6NIQXn6vIjwzY1IMmV29d2Y6vaayrwQ=="
    },
    "iconv-lite": {
      "version": "0.5.0",
      "resolved": "https://registry.npmjs.org/iconv-lite/-/iconv-lite-0.5.0.tgz",
      "integrity": "sha512-NnEhI9hIEKHOzJ4f697DMz9IQEXr/MMJ5w64vN2/4Ai+wRnvV7SBrL0KLoRlwaKVghOc7LQ5YkPLuX146b6Ydw==",
      "requires": {
        "safer-buffer": ">= 2.1.2 < 3"
      }
    },
    "net": {
      "version": "1.0.2",
      "resolved": "https://registry.npmjs.org/net/-/net-1.0.2.tgz",
      "integrity": "sha512-kbhcj2SVVR4caaVnGLJKmlk2+f+oLkjqdKeQlmUtz6nGzOpbcobwVIeSURNgraV/v3tlmGIX82OcPCl0K6RbHQ=="
    },
    "node-thermal-printer": {
      "version": "4.4.2",
      "resolved": "https://registry.npmjs.org/node-thermal-printer/-/node-thermal-printer-4.4.2.tgz",
      "integrity": "sha512-6AR2wx1M6R2bAIHCWJdI+kc2A/nTjKcrsdoK+sAR7HB4SlrcD8e6Y7r2COXOnTKXeoIIgKfSZldSvAx7+wF1sA==",
      "requires": {
        "iconv-lite": "0.5.0",
        "pngjs": "3.3.3",
        "unorm": "1.4.1",
        "write-file-queue": "0.0.1"
      }
    },
    "pngjs": {
      "version": "3.3.3",
      "resolved": "https://registry.npmjs.org/pngjs/-/pngjs-3.3.3.tgz",
      "integrity": "sha512-1n3Z4p3IOxArEs1VRXnZ/RXdfEniAUS9jb68g58FIXMNkPJeZd+Qh4Uq7/e0LVxAQGos1eIUrqrt4FpjdnEd+Q=="
    },
    "remote-events": {
      "version": "1.1.4",
      "resolved": "https://registry.npmjs.org/remote-events/-/remote-events-1.1.4.tgz",
      "integrity": "sha512-sWw949iM+usuq0+fIaOhzlRAhpCCd2W6J/0BjnlAd3PRFrh3v50wedK3/jl8Lxnq+UqjYaHm4wSHpG3od53y4g==",
      "requires": {
        "stream-serializer": "0.0.3",
        "through": "~1.1.2"
      }
    },
    "safer-buffer": {
      "version": "2.1.2",
      "resolved": "https://registry.npmjs.org/safer-buffer/-/safer-buffer-2.1.2.tgz",
      "integrity": "sha512-YZo3K82SD7Riyi0E1EQPojLz7kpepnSQI9IyPbHHg1XXXevb5dJI7tpyN2ADxGcQbHG7vcyRHk0cbwqcQriUtg=="
    },
    "stream-serializer": {
      "version": "0.0.3",
      "resolved": "https://registry.npmjs.org/stream-serializer/-/stream-serializer-0.0.3.tgz",
      "integrity": "sha512-3ZDUPkyhuOcwCYc+j2FjXhMlHCOMQzLjl9xBBZ9bT+7Cd1c2HhpcSah38ZXfo6YXkRWQRarPj62l3NsSntBufA=="
    },
    "through": {
      "version": "1.1.2",
      "resolved": "https://registry.npmjs.org/through/-/through-1.1.2.tgz",
      "integrity": "sha512-YG7jdC/XCqsooOdR2LJpeuQ5WnuYnHohUMJq4xMN09rbr81rli6JfZbGa07dWJg24qb8h6mGC+0G74eak9hrnw=="
    },
    "unorm": {
      "version": "1.4.1",
      "resolved": "https://registry.npmjs.org/unorm/-/unorm-1.4.1.tgz",
      "integrity": "sha512-ZKduSr7qaZXq/R784+M3vudsguIahTX9aVtlfJdMaQj/yQw7A8LhkaS76/a6d0TzeBtiMDl+clvrLxq6HG/nAA=="
    },
    "write-file-queue": {
      "version": "0.0.1",
      "resolved": "https://registry.npmjs.org/write-file-queue/-/write-file-queue-0.0.1.tgz",
      "integrity": "sha512-uUInKYzJjhvZ5UJA27tsqbw6s9EEpwe6r4mdpN95t2E4aKzJEJbZg2EvIleTGaja+xtZYx376Jd2WWu5LEQP0w==",
      "requires": {
        "dank-do-while": "^0.1.2"
      }
    },
    "ws": {
      "version": "8.18.0",
      "resolved": "https://registry.npmjs.org/ws/-/ws-8.18.0.tgz",
      "integrity": "sha512-8VbfWfHLbbwu3+N6OKsOMpBdT4kXPDDB9cJk2bJ6mh9ucxdlnNvH1e+roYkKmN9Nxw2yjz7VzeO9oOz2zJ04Pw=="
    }
  }
}
