{
  "name": "tcp",
  "version": "1.0.0",
  "lockfileVersion": 1,
  "requires": true,
  "dependencies": {
    "net": {
      "version": "1.0.2",
      "resolved": "https://registry.npmjs.org/net/-/net-1.0.2.tgz",
      "integrity": "sha512-kbhcj2SVVR4caaVnGLJKmlk2+f+oLkjqdKeQlmUtz6nGzOpbcobwVIeSURNgraV/v3tlmGIX82OcPCl0K6RbHQ=="
    },
    "remote-events": {
      "version": "1.1.4",
      "resolved": "https://registry.npmjs.org/remote-events/-/remote-events-1.1.4.tgz",
      "integrity": "sha512-sWw949iM+usuq0+fIaOhzlRAhpCCd2W6J/0BjnlAd3PRFrh3v50wedK3/jl8Lxnq+UqjYaHm4wSHpG3od53y4g==",
      "requires": {
        "stream-serializer": "0.0.3",
        "through": "~1.1.2"
      }
    },
    "stream-serializer": {
      "version": "0.0.3",
      "resolved": "https://registry.npmjs.org/stream-serializer/-/stream-serializer-0.0.3.tgz",
      "integrity": "sha512-3ZDUPkyhuOcwCYc+j2FjXhMlHCOMQzLjl9xBBZ9bT+7Cd1c2HhpcSah38ZXfo6YXkRWQRarPj62l3NsSntBufA=="
    },
    "through": {
      "version": "1.1.2",
      "resolved": "https://registry.npmjs.org/through/-/through-1.1.2.tgz",
      "integrity": "sha512-YG7jdC/XCqsooOdR2LJpeuQ5WnuYnHohUMJq4xMN09rbr81rli6JfZbGa07dWJg24qb8h6mGC+0G74eak9hrnw=="
    }
  }
}
